
Microsoft Visual Studio Solution File, Format Version 12.00
# Visual Studio Version 16
VisualStudioVersion = 16.0.29613.14
MinimumVisualStudioVersion = 10.0.40219.1
Project("{FAE04EC0-301F-11D3-BF4B-00C04F79EFBC}") = "Kpo4310_nmv.Main", "Kpo4310_nmv.Main\Kpo4310_nmv.Main.csproj", "{34516DE4-E208-4A1A-971E-946B5750454B}"
EndProject
Project("{FAE04EC0-301F-11D3-BF4B-00C04F79EFBC}") = "Kpo4310_nmv.Lib", "Kpo4310_nmv.Lib\Kpo4310_nmv.Lib.csproj", "{7069188B-7DA1-4AC8-B561-AE2F18D6FAE0}"
EndProject
Global
	GlobalSection(SolutionConfigurationPlatforms) = preSolution
		Debug|Any CPU = Debug|Any CPU
		Release|Any CPU = Release|Any CPU
	EndGlobalSection
	GlobalSection(ProjectConfigurationPlatforms) = postSolution
		{34516DE4-E208-4A1A-971E-946B5750454B}.Debug|Any CPU.ActiveCfg = Debug|Any CPU
		{34516DE4-E208-4A1A-971E-946B5750454B}.Debug|Any CPU.Build.0 = Debug|Any CPU
		{34516DE4-E208-4A1A-971E-946B5750454B}.Release|Any CPU.ActiveCfg = Release|Any CPU
		{34516DE4-E208-4A1A-971E-946B5750454B}.Release|Any CPU.Build.0 = Release|Any CPU
		{7069188B-7DA1-4AC8-B561-AE2F18D6FAE0}.Debug|Any CPU.ActiveCfg = Debug|Any CPU
		{7069188B-7DA1-4AC8-B561-AE2F18D6FAE0}.Debug|Any CPU.Build.0 = Debug|Any CPU
		{7069188B-7DA1-4AC8-B561-AE2F18D6FAE0}.Release|Any CPU.ActiveCfg = Release|Any CPU
		{7069188B-7DA1-4AC8-B561-AE2F18D6FAE0}.Release|Any CPU.Build.0 = Release|Any CPU
	EndGlobalSection
	GlobalSection(SolutionProperties) = preSolution
		HideSolutionNode = FALSE
	EndGlobalSection
	GlobalSection(ExtensibilityGlobals) = postSolution
		SolutionGuid = {AEC2EF33-6F45-434E-B6B0-4F9C7ED695EB}
	EndGlobalSection
EndGlobal
